
Microsoft Visual Studio Solution File, Format Version 12.00
# Visual Studio Version 16
VisualStudioVersion = 16.0.31702.278
MinimumVisualStudioVersion = 10.0.40219.1
Project("{FAE04EC0-301F-11D3-BF4B-00C04F79EFBC}") = "Edge Open Draft", "Edge Open Draft\Edge Open Draft.csproj", "{08D8EE63-463C-4950-B4F1-C81368A01186}"
EndProject
Global
	GlobalSection(SolutionConfigurationPlatforms) = preSolution
		Debug|Any CPU = Debug|Any CPU
		Release|Any CPU = Release|Any CPU
	EndGlobalSection
	GlobalSection(ProjectConfigurationPlatforms) = postSolution
		{08D8EE63-463C-4950-B4F1-C81368A01186}.Debug|Any CPU.ActiveCfg = Debug|Any CPU
		{08D8EE63-463C-4950-B4F1-C81368A01186}.Debug|Any CPU.Build.0 = Debug|Any CPU
		{08D8EE63-463C-4950-B4F1-C81368A01186}.Release|Any CPU.ActiveCfg = Release|Any CPU
		{08D8EE63-463C-4950-B4F1-C81368A01186}.Release|Any CPU.Build.0 = Release|Any CPU
	EndGlobalSection
	GlobalSection(SolutionProperties) = preSolution
		HideSolutionNode = FALSE
	EndGlobalSection
	GlobalSection(ExtensibilityGlobals) = postSolution
		SolutionGuid = {FCFB3079-09F1-48DC-9142-B33CA47AE314}
	EndGlobalSection
EndGlobal
